<?xml version="1.0" encoding="utf-8"?>
<Project ToolsVersion="4.0" xmlns="http://schemas.microsoft.com/developer/msbuild/2003">
  <ItemGroup>
    <ClCompile Include="Main.cpp" />
    <ClCompile Include="BufferObject.cpp" />
    <ClCompile Include="Transform.cpp" />
    <ClCompile Include="ActorManager.cpp" />
    <ClCompile Include="Exception.cpp" />
    <ClCompile Include="Actor.cpp" />
  </ItemGroup>
  <ItemGroup>
    <ClInclude Include="BufferObject.h" />
    <ClInclude Include="Transform.h" />
    <ClInclude Include="Actor.h" />
    <ClInclude Include="IComponent.h" />
    <ClInclude Include="ActorManager.h" />
    <ClInclude Include="Exception.h" />
    <ClInclude Include="Singleton.h" />
    <ClInclude Include="Pool.h" />
  </ItemGroup>
</Project>